
Microsoft Visual Studio Solution File, Format Version 12.00
# Visual Studio Version 17
VisualStudioVersion = 17.8.34309.116
MinimumVisualStudioVersion = 10.0.40219.1
Project("{FAE04EC0-301F-11D3-BF4B-00C04F79EFBC}") = "PracticaCV_AnabelMG", "PracticaCV_AnabelMG\PracticaCV_AnabelMG.csproj", "{9B299B6B-2D1E-4603-9050-7D0F19484E6E}"
EndProject
Global
	GlobalSection(SolutionConfigurationPlatforms) = preSolution
		Debug|Any CPU = Debug|Any CPU
		Release|Any CPU = Release|Any CPU
	EndGlobalSection
	GlobalSection(ProjectConfigurationPlatforms) = postSolution
		{9B299B6B-2D1E-4603-9050-7D0F19484E6E}.Debug|Any CPU.ActiveCfg = Debug|Any CPU
		{9B299B6B-2D1E-4603-9050-7D0F19484E6E}.Debug|Any CPU.Build.0 = Debug|Any CPU
		{9B299B6B-2D1E-4603-9050-7D0F19484E6E}.Release|Any CPU.ActiveCfg = Release|Any CPU
		{9B299B6B-2D1E-4603-9050-7D0F19484E6E}.Release|Any CPU.Build.0 = Release|Any CPU
	EndGlobalSection
	GlobalSection(SolutionProperties) = preSolution
		HideSolutionNode = FALSE
	EndGlobalSection
	GlobalSection(ExtensibilityGlobals) = postSolution
		SolutionGuid = {7863931D-9AFF-4619-89EA-220CC6ADDED0}
	EndGlobalSection
EndGlobal
